{
  "nodes": {
    "emacs-overlay": {
      "inputs": {
        "flake-utils": "flake-utils",
        "nixpkgs": [
          "nixpkgs"
        ],
        "nixpkgs-stable": "nixpkgs-stable"
      },
      "locked": {
        "lastModified": 1725641963,
        "narHash": "sha256-PoPIJ+4jGllhPW9dApqhuQqbwlOp60hx/UwP8IXwmDs=",
        "owner": "nix-community",
        "repo": "emacs-overlay",
        "rev": "f5ad33100d118b07d9db1c52eeda075714cd3546",
        "type": "github"
      },
      "original": {
        "owner": "nix-community",
        "repo": "emacs-overlay",
        "type": "github"
      }
    },
    "flake-utils": {
      "inputs": {
        "systems": "systems"
      },
      "locked": {
        "lastModified": 1710146030,
        "narHash": "sha256-SZ5L6eA7HJ/nmkzGG7/ISclqe6oZdOZTNoesiInkXPQ=",
        "owner": "numtide",
        "repo": "flake-utils",
        "rev": "b1d9ab70662946ef0850d488da1c9019f3a9752a",
        "type": "github"
      },
      "original": {
        "owner": "numtide",
        "repo": "flake-utils",
        "type": "github"
      }
    },
    "home-manager": {
      "inputs": {
        "nixpkgs": [
          "nixpkgs"
        ]
      },
      "locked": {
        "lastModified": 1725628988,
        "narHash": "sha256-Y6TBMTGu4bddUwszGjlcOuN0soVc1Gv43hp+1sT/GNI=",
        "owner": "nix-community",
        "repo": "home-manager",
        "rev": "127ccc3eb7e36fa75e8c3fbd8a343154f66cc1c6",
        "type": "github"
      },
      "original": {
        "owner": "nix-community",
        "ref": "master",
        "repo": "home-manager",
        "type": "github"
      }
    },
    "nixpkgs": {
      "locked": {
        "lastModified": 1725638002,
        "narHash": "sha256-XA/qBjBGNC3FrbyXF3w528GnOhSVmr/uHHWYkqjUZ2w=",
        "owner": "nixos",
        "repo": "nixpkgs",
        "rev": "88dbefd1f2b93561ac398b0b6c38971ca0378a51",
        "type": "github"
      },
      "original": {
        "owner": "nixos",
        "ref": "master",
        "repo": "nixpkgs",
        "type": "github"
      }
    },
    "nixpkgs-stable": {
      "locked": {
        "lastModified": 1725407940,
        "narHash": "sha256-tiN5Rlg/jiY0tyky+soJZoRzLKbPyIdlQ77xVgREDNM=",
        "owner": "NixOS",
        "repo": "nixpkgs",
        "rev": "6f6c45b5134a8ee2e465164811e451dcb5ad86e3",
        "type": "github"
      },
      "original": {
        "owner": "NixOS",
        "ref": "nixos-24.05",
        "repo": "nixpkgs",
        "type": "github"
      }
    },
    "protonhax-git": {
      "flake": false,
      "locked": {
        "lastModified": 1724707175,
        "narHash": "sha256-P6DVRz8YUF4JY2tiEVZx16FtK4i/rirRdKKZBslbJxU=",
        "owner": "jcnils",
        "repo": "protonhax",
        "rev": "922a7bbade5a93232b3152cc20a7d8422db09c31",
        "type": "github"
      },
      "original": {
        "owner": "jcnils",
        "repo": "protonhax",
        "type": "github"
      }
    },
    "root": {
      "inputs": {
        "emacs-overlay": "emacs-overlay",
        "home-manager": "home-manager",
        "nixpkgs": "nixpkgs",
        "protonhax-git": "protonhax-git"
      }
    },
    "systems": {
      "locked": {
        "lastModified": 1681028828,
        "narHash": "sha256-Vy1rq5AaRuLzOxct8nz4T6wlgyUR7zLU309k9mBC768=",
        "owner": "nix-systems",
        "repo": "default",
        "rev": "da67096a3b9bf56a91d16901293e51ba5b49a27e",
        "type": "github"
      },
      "original": {
        "owner": "nix-systems",
        "repo": "default",
        "type": "github"
      }
    }
  },
  "root": "root",
  "version": 7
}
